
Microsoft Visual Studio Solution File, Format Version 12.00
# Visual Studio 15
VisualStudioVersion = 15.0.27130.2036
MinimumVisualStudioVersion = 10.0.40219.1
Project("{FAE04EC0-301F-11D3-BF4B-00C04F79EFBC}") = "GoldenLadle.Web", "GoldenLadle.Web\GoldenLadle.Web.csproj", "{8CB78012-2C9D-424A-A2B4-D68D17442026}"
EndProject
Project("{2150E333-8FDC-42A3-9474-1A3956D46DE8}") = "Solution Items", "Solution Items", "{CD1DF0B1-3846-4050-9524-3483F3A1B3BD}"
	ProjectSection(SolutionItems) = preProject
		.gitignore = .gitignore
	EndProjectSection
EndProject
Global
	GlobalSection(SolutionConfigurationPlatforms) = preSolution
		Debug|Any CPU = Debug|Any CPU
		Release|Any CPU = Release|Any CPU
	EndGlobalSection
	GlobalSection(ProjectConfigurationPlatforms) = postSolution
		{8CB78012-2C9D-424A-A2B4-D68D17442026}.Debug|Any CPU.ActiveCfg = Debug|Any CPU
		{8CB78012-2C9D-424A-A2B4-D68D17442026}.Debug|Any CPU.Build.0 = Debug|Any CPU
		{8CB78012-2C9D-424A-A2B4-D68D17442026}.Release|Any CPU.ActiveCfg = Release|Any CPU
		{8CB78012-2C9D-424A-A2B4-D68D17442026}.Release|Any CPU.Build.0 = Release|Any CPU
	EndGlobalSection
	GlobalSection(SolutionProperties) = preSolution
		HideSolutionNode = FALSE
	EndGlobalSection
	GlobalSection(ExtensibilityGlobals) = postSolution
		SolutionGuid = {3E576388-E494-4DFE-80D4-8AD47A2FFE64}
	EndGlobalSection
	GlobalSection(TeamFoundationVersionControl) = preSolution
		SccNumberOfProjects = 2
		SccEnterpriseProvider = {4CA58AB2-18FA-4F8D-95D4-32DDF27D184C}
		SccTeamFoundationServer = http://avi-tf-svr1:8080/tfs/defaultcollection
		SccLocalPath0 = .
		SccProjectUniqueName1 = GoldenLadle.Web\\GoldenLadle.Web.csproj
		SccProjectName1 = GoldenLadle.Web
		SccLocalPath1 = GoldenLadle.Web
	EndGlobalSection
EndGlobal
