
Microsoft Visual Studio Solution File, Format Version 12.00
# Visual Studio 15
VisualStudioVersion = 15.0.27130.2036
MinimumVisualStudioVersion = 10.0.40219.1
Project("{9A19103F-16F7-4668-BE54-9A1E7A4F7556}") = "GoldenLadle.Web", "GoldenLadle.Web\GoldenLadle.Web.csproj", "{8CB78012-2C9D-424A-A2B4-D68D17442026}"
EndProject
Project("{E53339B2-1760-4266-BCC7-CA923CBCF16C}") = "docker-compose", "docker-compose.dcproj", "{DBFD0B02-A3E4-4FB5-B85E-F73882D0D8DD}"
EndProject
Global
	GlobalSection(SolutionConfigurationPlatforms) = preSolution
		Debug|Any CPU = Debug|Any CPU
		Release|Any CPU = Release|Any CPU
	EndGlobalSection
	GlobalSection(ProjectConfigurationPlatforms) = postSolution
		{8CB78012-2C9D-424A-A2B4-D68D17442026}.Debug|Any CPU.ActiveCfg = Debug|Any CPU
		{8CB78012-2C9D-424A-A2B4-D68D17442026}.Debug|Any CPU.Build.0 = Debug|Any CPU
		{8CB78012-2C9D-424A-A2B4-D68D17442026}.Release|Any CPU.ActiveCfg = Release|Any CPU
		{8CB78012-2C9D-424A-A2B4-D68D17442026}.Release|Any CPU.Build.0 = Release|Any CPU
		{DBFD0B02-A3E4-4FB5-B85E-F73882D0D8DD}.Debug|Any CPU.ActiveCfg = Debug|Any CPU
		{DBFD0B02-A3E4-4FB5-B85E-F73882D0D8DD}.Debug|Any CPU.Build.0 = Debug|Any CPU
		{DBFD0B02-A3E4-4FB5-B85E-F73882D0D8DD}.Release|Any CPU.ActiveCfg = Release|Any CPU
		{DBFD0B02-A3E4-4FB5-B85E-F73882D0D8DD}.Release|Any CPU.Build.0 = Release|Any CPU
	EndGlobalSection
	GlobalSection(SolutionProperties) = preSolution
		HideSolutionNode = FALSE
	EndGlobalSection
	GlobalSection(ExtensibilityGlobals) = postSolution
		SolutionGuid = {3E576388-E494-4DFE-80D4-8AD47A2FFE64}
	EndGlobalSection
	GlobalSection(TeamFoundationVersionControl) = preSolution
		SccNumberOfProjects = 2
		SccEnterpriseProvider = {4CA58AB2-18FA-4F8D-95D4-32DDF27D184C}
		SccTeamFoundationServer = http://avi-tf-svr1:8080/tfs/defaultcollection
		SccLocalPath0 = .
		SccProjectUniqueName1 = GoldenLadle.Web\\GoldenLadle.Web.csproj
		SccProjectName1 = GoldenLadle.Web
		SccLocalPath1 = GoldenLadle.Web
	EndGlobalSection
EndGlobal
